
Microsoft Visual Studio Solution File, Format Version 12.00
# Visual Studio 2013
VisualStudioVersion = 12.0.31101.0
MinimumVisualStudioVersion = 10.0.40219.1
Project("{FAE04EC0-301F-11D3-BF4B-00C04F79EFBC}") = "BookDatabase", "BookDatabase\BookDatabase.csproj", "{C24A17E8-0438-46DD-87D3-BB1EE8F40ACF}"
EndProject
Project("{FAE04EC0-301F-11D3-BF4B-00C04F79EFBC}") = "DatabaseHost", "DatabaseHost\DatabaseHost.csproj", "{72525577-C2BC-4E76-87F6-F0E0737BE4B6}"
EndProject
Project("{FAE04EC0-301F-11D3-BF4B-00C04F79EFBC}") = "DesktopApplication", "DesktopApplication\DesktopApplication.csproj", "{5C2DC5DE-568A-4EEB-A524-808100FCF6F7}"
EndProject
Project("{FAE04EC0-301F-11D3-BF4B-00C04F79EFBC}") = "TestClient", "TestClient\TestClient.csproj", "{699004A8-00A0-41EE-8C54-E5B992E65B37}"
EndProject
Global
	GlobalSection(SolutionConfigurationPlatforms) = preSolution
		Debug|Any CPU = Debug|Any CPU
		Release|Any CPU = Release|Any CPU
	EndGlobalSection
	GlobalSection(ProjectConfigurationPlatforms) = postSolution
		{C24A17E8-0438-46DD-87D3-BB1EE8F40ACF}.Debug|Any CPU.ActiveCfg = Debug|Any CPU
		{C24A17E8-0438-46DD-87D3-BB1EE8F40ACF}.Debug|Any CPU.Build.0 = Debug|Any CPU
		{C24A17E8-0438-46DD-87D3-BB1EE8F40ACF}.Release|Any CPU.ActiveCfg = Release|Any CPU
		{C24A17E8-0438-46DD-87D3-BB1EE8F40ACF}.Release|Any CPU.Build.0 = Release|Any CPU
		{72525577-C2BC-4E76-87F6-F0E0737BE4B6}.Debug|Any CPU.ActiveCfg = Debug|Any CPU
		{72525577-C2BC-4E76-87F6-F0E0737BE4B6}.Debug|Any CPU.Build.0 = Debug|Any CPU
		{72525577-C2BC-4E76-87F6-F0E0737BE4B6}.Release|Any CPU.ActiveCfg = Release|Any CPU
		{72525577-C2BC-4E76-87F6-F0E0737BE4B6}.Release|Any CPU.Build.0 = Release|Any CPU
		{5C2DC5DE-568A-4EEB-A524-808100FCF6F7}.Debug|Any CPU.ActiveCfg = Debug|Any CPU
		{5C2DC5DE-568A-4EEB-A524-808100FCF6F7}.Debug|Any CPU.Build.0 = Debug|Any CPU
		{5C2DC5DE-568A-4EEB-A524-808100FCF6F7}.Release|Any CPU.ActiveCfg = Release|Any CPU
		{5C2DC5DE-568A-4EEB-A524-808100FCF6F7}.Release|Any CPU.Build.0 = Release|Any CPU
		{699004A8-00A0-41EE-8C54-E5B992E65B37}.Debug|Any CPU.ActiveCfg = Debug|Any CPU
		{699004A8-00A0-41EE-8C54-E5B992E65B37}.Debug|Any CPU.Build.0 = Debug|Any CPU
		{699004A8-00A0-41EE-8C54-E5B992E65B37}.Release|Any CPU.ActiveCfg = Release|Any CPU
		{699004A8-00A0-41EE-8C54-E5B992E65B37}.Release|Any CPU.Build.0 = Release|Any CPU
	EndGlobalSection
	GlobalSection(SolutionProperties) = preSolution
		HideSolutionNode = FALSE
	EndGlobalSection
EndGlobal
